<Solution>
  <Folder Name="/src/">
    <Project Path="src/AzResourceDetails.Templating/AzResourceDetails.Templating.csproj" />
    <Project Path="src/AzResourceDetailsDownloader.Core/AzResourceDetailsDownloader.Core.csproj" />
    <Project Path="src/AzResourceDetailsDownloader.Infrastructure/AzResourceDetailsDownloader.Infrastructure.csproj" />
    <Project Path="src/AzResourceDetailsDownloader/AzResourceDetailsDownloader.csproj" />
  </Folder>
  <Folder Name="/tests/">
    <Project Path="tests/AzResourceDetails.Templating.Tests/AzResourceDetails.Templating.Tests.csproj" />
    <Project Path="tests/AzResourceDetailsDownloader.Core.Tests/AzResourceDetailsDownloader.Core.Tests.csproj" />
    <Project Path="tests/AzResourceDetailsDownloader.Infrastructure.Tests/AzResourceDetailsDownloader.Infrastructure.Tests.csproj" />
  </Folder>
</Solution>
